
Microsoft Visual Studio Solution File, Format Version 12.00
# Visual Studio Version 17
VisualStudioVersion = 17.12.35728.132
MinimumVisualStudioVersion = 10.0.40219.1
Project("{FAE04EC0-301F-11D3-BF4B-00C04F79EFBC}") = "Asp.Net_Core_Portfolio", "Asp.Net_Core_Portfolio\Asp.Net_Core_Portfolio.csproj", "{868CD24D-0835-4A89-8656-2A121B824176}"
EndProject
Project("{FAE04EC0-301F-11D3-BF4B-00C04F79EFBC}") = "BusinessLayer", "BusinessLayer\BusinessLayer.csproj", "{9E57424F-D5E2-4C4E-BE80-B22969C728DC}"
EndProject
Project("{FAE04EC0-301F-11D3-BF4B-00C04F79EFBC}") = "EntityLayer", "EntityLayer\EntityLayer.csproj", "{3DDA8827-D31A-430B-A972-031DCC14A4D1}"
EndProject
Project("{FAE04EC0-301F-11D3-BF4B-00C04F79EFBC}") = "DataAccessLayer", "DataAccessLayer\DataAccessLayer.csproj", "{F6EB6CEC-662D-437F-9F1C-6E2528BDE6D8}"
EndProject
Global
	GlobalSection(SolutionConfigurationPlatforms) = preSolution
		Debug|Any CPU = Debug|Any CPU
		Release|Any CPU = Release|Any CPU
	EndGlobalSection
	GlobalSection(ProjectConfigurationPlatforms) = postSolution
		{868CD24D-0835-4A89-8656-2A121B824176}.Debug|Any CPU.ActiveCfg = Debug|Any CPU
		{868CD24D-0835-4A89-8656-2A121B824176}.Debug|Any CPU.Build.0 = Debug|Any CPU
		{868CD24D-0835-4A89-8656-2A121B824176}.Release|Any CPU.ActiveCfg = Release|Any CPU
		{868CD24D-0835-4A89-8656-2A121B824176}.Release|Any CPU.Build.0 = Release|Any CPU
		{9E57424F-D5E2-4C4E-BE80-B22969C728DC}.Debug|Any CPU.ActiveCfg = Debug|Any CPU
		{9E57424F-D5E2-4C4E-BE80-B22969C728DC}.Debug|Any CPU.Build.0 = Debug|Any CPU
		{9E57424F-D5E2-4C4E-BE80-B22969C728DC}.Release|Any CPU.ActiveCfg = Release|Any CPU
		{9E57424F-D5E2-4C4E-BE80-B22969C728DC}.Release|Any CPU.Build.0 = Release|Any CPU
		{3DDA8827-D31A-430B-A972-031DCC14A4D1}.Debug|Any CPU.ActiveCfg = Debug|Any CPU
		{3DDA8827-D31A-430B-A972-031DCC14A4D1}.Debug|Any CPU.Build.0 = Debug|Any CPU
		{3DDA8827-D31A-430B-A972-031DCC14A4D1}.Release|Any CPU.ActiveCfg = Release|Any CPU
		{3DDA8827-D31A-430B-A972-031DCC14A4D1}.Release|Any CPU.Build.0 = Release|Any CPU
		{F6EB6CEC-662D-437F-9F1C-6E2528BDE6D8}.Debug|Any CPU.ActiveCfg = Debug|Any CPU
		{F6EB6CEC-662D-437F-9F1C-6E2528BDE6D8}.Debug|Any CPU.Build.0 = Debug|Any CPU
		{F6EB6CEC-662D-437F-9F1C-6E2528BDE6D8}.Release|Any CPU.ActiveCfg = Release|Any CPU
		{F6EB6CEC-662D-437F-9F1C-6E2528BDE6D8}.Release|Any CPU.Build.0 = Release|Any CPU
	EndGlobalSection
	GlobalSection(SolutionProperties) = preSolution
		HideSolutionNode = FALSE
	EndGlobalSection
EndGlobal
